
Microsoft Visual Studio Solution File, Format Version 12.00
# Visual Studio Version 17
VisualStudioVersion = 17.0.31912.275
MinimumVisualStudioVersion = 10.0.40219.1
Project("{8BC9CEB8-8B4A-11D0-8D11-00A0C91BC942}") = "Project17", "Project17.vcxproj", "{47172A54-25FA-497E-ACB9-F59727C10FDB}"
EndProject
Global
	GlobalSection(SolutionConfigurationPlatforms) = preSolution
		Debug|x64 = Debug|x64
		Debug|x86 = Debug|x86
		Release|x64 = Release|x64
		Release|x86 = Release|x86
	EndGlobalSection
	GlobalSection(ProjectConfigurationPlatforms) = postSolution
		{47172A54-25FA-497E-ACB9-F59727C10FDB}.Debug|x64.ActiveCfg = Debug|x64
		{47172A54-25FA-497E-ACB9-F59727C10FDB}.Debug|x64.Build.0 = Debug|x64
		{47172A54-25FA-497E-ACB9-F59727C10FDB}.Debug|x86.ActiveCfg = Debug|Win32
		{47172A54-25FA-497E-ACB9-F59727C10FDB}.Debug|x86.Build.0 = Debug|Win32
		{47172A54-25FA-497E-ACB9-F59727C10FDB}.Release|x64.ActiveCfg = Release|x64
		{47172A54-25FA-497E-ACB9-F59727C10FDB}.Release|x64.Build.0 = Release|x64
		{47172A54-25FA-497E-ACB9-F59727C10FDB}.Release|x86.ActiveCfg = Release|Win32
		{47172A54-25FA-497E-ACB9-F59727C10FDB}.Release|x86.Build.0 = Release|Win32
	EndGlobalSection
	GlobalSection(SolutionProperties) = preSolution
		HideSolutionNode = FALSE
	EndGlobalSection
	GlobalSection(ExtensibilityGlobals) = postSolution
		SolutionGuid = {AF8F0763-84F6-45B9-A4C8-FE3C727FA66D}
	EndGlobalSection
EndGlobal
