
Microsoft Visual Studio Solution File, Format Version 12.00
# Visual Studio Version 17
VisualStudioVersion = 17.0.31912.275
MinimumVisualStudioVersion = 10.0.40219.1
Project("{8BC9CEB8-8B4A-11D0-8D11-00A0C91BC942}") = "Project6", "Project6.vcxproj", "{97FB0807-7813-4E94-90FB-0325D61EECBA}"
EndProject
Global
	GlobalSection(SolutionConfigurationPlatforms) = preSolution
		Debug|x64 = Debug|x64
		Debug|x86 = Debug|x86
		Release|x64 = Release|x64
		Release|x86 = Release|x86
	EndGlobalSection
	GlobalSection(ProjectConfigurationPlatforms) = postSolution
		{97FB0807-7813-4E94-90FB-0325D61EECBA}.Debug|x64.ActiveCfg = Debug|x64
		{97FB0807-7813-4E94-90FB-0325D61EECBA}.Debug|x64.Build.0 = Debug|x64
		{97FB0807-7813-4E94-90FB-0325D61EECBA}.Debug|x86.ActiveCfg = Debug|Win32
		{97FB0807-7813-4E94-90FB-0325D61EECBA}.Debug|x86.Build.0 = Debug|Win32
		{97FB0807-7813-4E94-90FB-0325D61EECBA}.Release|x64.ActiveCfg = Release|x64
		{97FB0807-7813-4E94-90FB-0325D61EECBA}.Release|x64.Build.0 = Release|x64
		{97FB0807-7813-4E94-90FB-0325D61EECBA}.Release|x86.ActiveCfg = Release|Win32
		{97FB0807-7813-4E94-90FB-0325D61EECBA}.Release|x86.Build.0 = Release|Win32
	EndGlobalSection
	GlobalSection(SolutionProperties) = preSolution
		HideSolutionNode = FALSE
	EndGlobalSection
	GlobalSection(ExtensibilityGlobals) = postSolution
		SolutionGuid = {ABB1B4AA-F008-423E-A580-BD92274CEB34}
	EndGlobalSection
EndGlobal
