
Microsoft Visual Studio Solution File, Format Version 12.00
# Visual Studio Version 17
VisualStudioVersion = 17.0.31912.275
MinimumVisualStudioVersion = 10.0.40219.1
Project("{8BC9CEB8-8B4A-11D0-8D11-00A0C91BC942}") = "Project28", "Project28.vcxproj", "{FFECC7C8-2204-45E0-BEF2-E06F7DC07B2A}"
EndProject
Global
	GlobalSection(SolutionConfigurationPlatforms) = preSolution
		Debug|x64 = Debug|x64
		Debug|x86 = Debug|x86
		Release|x64 = Release|x64
		Release|x86 = Release|x86
	EndGlobalSection
	GlobalSection(ProjectConfigurationPlatforms) = postSolution
		{FFECC7C8-2204-45E0-BEF2-E06F7DC07B2A}.Debug|x64.ActiveCfg = Debug|x64
		{FFECC7C8-2204-45E0-BEF2-E06F7DC07B2A}.Debug|x64.Build.0 = Debug|x64
		{FFECC7C8-2204-45E0-BEF2-E06F7DC07B2A}.Debug|x86.ActiveCfg = Debug|Win32
		{FFECC7C8-2204-45E0-BEF2-E06F7DC07B2A}.Debug|x86.Build.0 = Debug|Win32
		{FFECC7C8-2204-45E0-BEF2-E06F7DC07B2A}.Release|x64.ActiveCfg = Release|x64
		{FFECC7C8-2204-45E0-BEF2-E06F7DC07B2A}.Release|x64.Build.0 = Release|x64
		{FFECC7C8-2204-45E0-BEF2-E06F7DC07B2A}.Release|x86.ActiveCfg = Release|Win32
		{FFECC7C8-2204-45E0-BEF2-E06F7DC07B2A}.Release|x86.Build.0 = Release|Win32
	EndGlobalSection
	GlobalSection(SolutionProperties) = preSolution
		HideSolutionNode = FALSE
	EndGlobalSection
	GlobalSection(ExtensibilityGlobals) = postSolution
		SolutionGuid = {C69BC7DC-9DDF-423C-A731-743BB9746032}
	EndGlobalSection
EndGlobal
